
Microsoft Visual Studio Solution File, Format Version 12.00
# Visual Studio Version 17
VisualStudioVersion = 17.3.32929.385
MinimumVisualStudioVersion = 10.0.40219.1
Project("{FAE04EC0-301F-11D3-BF4B-00C04F79EFBC}") = "Desafio2", "Desafio2\Desafio2.csproj", "{805CFF28-0A76-4FB5-8BE9-1B2204779D9B}"
EndProject
Global
	GlobalSection(SolutionConfigurationPlatforms) = preSolution
		Debug|Any CPU = Debug|Any CPU
		Release|Any CPU = Release|Any CPU
	EndGlobalSection
	GlobalSection(ProjectConfigurationPlatforms) = postSolution
		{805CFF28-0A76-4FB5-8BE9-1B2204779D9B}.Debug|Any CPU.ActiveCfg = Debug|Any CPU
		{805CFF28-0A76-4FB5-8BE9-1B2204779D9B}.Debug|Any CPU.Build.0 = Debug|Any CPU
		{805CFF28-0A76-4FB5-8BE9-1B2204779D9B}.Release|Any CPU.ActiveCfg = Release|Any CPU
		{805CFF28-0A76-4FB5-8BE9-1B2204779D9B}.Release|Any CPU.Build.0 = Release|Any CPU
	EndGlobalSection
	GlobalSection(SolutionProperties) = preSolution
		HideSolutionNode = FALSE
	EndGlobalSection
	GlobalSection(ExtensibilityGlobals) = postSolution
		SolutionGuid = {66F43EF5-4868-4557-A6AA-7411B39D5EDA}
	EndGlobalSection
EndGlobal
